
Microsoft Visual Studio Solution File, Format Version 12.00
# Visual Studio 15
Project("{FAE04EC0-301F-11D3-BF4B-00C04F79EFBC}") = "SampleHTML", "SampleHTML\SampleHTML.csproj", "{3D3F0AF6-C4A7-4981-9DA9-C41702CC9AF0}"
EndProject
Global
	GlobalSection(SolutionConfigurationPlatforms) = preSolution
		Debug|Any CPU = Debug|Any CPU
		Release|Any CPU = Release|Any CPU
	EndGlobalSection
	GlobalSection(ProjectConfigurationPlatforms) = postSolution
		{3D3F0AF6-C4A7-4981-9DA9-C41702CC9AF0}.Debug|Any CPU.ActiveCfg = Debug|Any CPU
		{3D3F0AF6-C4A7-4981-9DA9-C41702CC9AF0}.Debug|Any CPU.Build.0 = Debug|Any CPU
		{3D3F0AF6-C4A7-4981-9DA9-C41702CC9AF0}.Release|Any CPU.ActiveCfg = Release|Any CPU
		{3D3F0AF6-C4A7-4981-9DA9-C41702CC9AF0}.Release|Any CPU.Build.0 = Release|Any CPU
	EndGlobalSection
EndGlobal
